
Microsoft Visual Studio Solution File, Format Version 12.00
# Visual Studio Version 17
VisualStudioVersion = 17.9.34728.123
MinimumVisualStudioVersion = 10.0.40219.1
Project("{9A19103F-16F7-4668-BE54-9A1E7A4F7556}") = "jeuxOlympiques", "jeuxOlympiques\jeuxOlympiques.csproj", "{E490B043-39AD-4D91-A109-5C89B548784C}"
EndProject
Project("{FAE04EC0-301F-11D3-BF4B-00C04F79EFBC}") = "Jo.DataAccess", "Jo.DataAccess\Jo.DataAccess.csproj", "{21039FC2-BA23-4864-9830-7901D305125A}"
EndProject
Project("{FAE04EC0-301F-11D3-BF4B-00C04F79EFBC}") = "Jo.Models", "Jo.Models\Jo.Models.csproj", "{1A9D8951-8E32-4937-866E-B49CE683B7C0}"
EndProject
Project("{FAE04EC0-301F-11D3-BF4B-00C04F79EFBC}") = "Jo.Utility", "Jo.Utility\Jo.Utility.csproj", "{B0757B1A-996B-4CD6-9664-0D4601334EAC}"
EndProject
Global
	GlobalSection(SolutionConfigurationPlatforms) = preSolution
		Debug|Any CPU = Debug|Any CPU
		Release|Any CPU = Release|Any CPU
	EndGlobalSection
	GlobalSection(ProjectConfigurationPlatforms) = postSolution
		{E490B043-39AD-4D91-A109-5C89B548784C}.Debug|Any CPU.ActiveCfg = Debug|Any CPU
		{E490B043-39AD-4D91-A109-5C89B548784C}.Debug|Any CPU.Build.0 = Debug|Any CPU
		{E490B043-39AD-4D91-A109-5C89B548784C}.Release|Any CPU.ActiveCfg = Release|Any CPU
		{E490B043-39AD-4D91-A109-5C89B548784C}.Release|Any CPU.Build.0 = Release|Any CPU
		{21039FC2-BA23-4864-9830-7901D305125A}.Debug|Any CPU.ActiveCfg = Debug|Any CPU
		{21039FC2-BA23-4864-9830-7901D305125A}.Debug|Any CPU.Build.0 = Debug|Any CPU
		{21039FC2-BA23-4864-9830-7901D305125A}.Release|Any CPU.ActiveCfg = Release|Any CPU
		{21039FC2-BA23-4864-9830-7901D305125A}.Release|Any CPU.Build.0 = Release|Any CPU
		{1A9D8951-8E32-4937-866E-B49CE683B7C0}.Debug|Any CPU.ActiveCfg = Debug|Any CPU
		{1A9D8951-8E32-4937-866E-B49CE683B7C0}.Debug|Any CPU.Build.0 = Debug|Any CPU
		{1A9D8951-8E32-4937-866E-B49CE683B7C0}.Release|Any CPU.ActiveCfg = Release|Any CPU
		{1A9D8951-8E32-4937-866E-B49CE683B7C0}.Release|Any CPU.Build.0 = Release|Any CPU
		{B0757B1A-996B-4CD6-9664-0D4601334EAC}.Debug|Any CPU.ActiveCfg = Debug|Any CPU
		{B0757B1A-996B-4CD6-9664-0D4601334EAC}.Debug|Any CPU.Build.0 = Debug|Any CPU
		{B0757B1A-996B-4CD6-9664-0D4601334EAC}.Release|Any CPU.ActiveCfg = Release|Any CPU
		{B0757B1A-996B-4CD6-9664-0D4601334EAC}.Release|Any CPU.Build.0 = Release|Any CPU
	EndGlobalSection
	GlobalSection(SolutionProperties) = preSolution
		HideSolutionNode = FALSE
	EndGlobalSection
	GlobalSection(ExtensibilityGlobals) = postSolution
		SolutionGuid = {EE93CCEB-ECE0-4433-90FB-9055EB9B27E9}
	EndGlobalSection
EndGlobal
